
Microsoft Visual Studio Solution File, Format Version 11.00
# Visual Studio 2010
# SharpDevelop 4.4
Project("{FAE04EC0-301F-11D3-BF4B-00C04F79EFBC}") = "MultiFileManager", "MultiFileManager.csproj", "{9A27CEE7-B269-4733-ADBF-00C28491973C}"
EndProject
Global
	GlobalSection(SolutionConfigurationPlatforms) = preSolution
		Debug|Any CPU = Debug|Any CPU
		Release|Any CPU = Release|Any CPU
	EndGlobalSection
	GlobalSection(ProjectConfigurationPlatforms) = postSolution
		{9A27CEE7-B269-4733-ADBF-00C28491973C}.Debug|Any CPU.Build.0 = Debug|Any CPU
		{9A27CEE7-B269-4733-ADBF-00C28491973C}.Debug|Any CPU.ActiveCfg = Debug|Any CPU
		{9A27CEE7-B269-4733-ADBF-00C28491973C}.Release|Any CPU.Build.0 = Release|Any CPU
		{9A27CEE7-B269-4733-ADBF-00C28491973C}.Release|Any CPU.ActiveCfg = Release|Any CPU
	EndGlobalSection
EndGlobal
